
Microsoft Visual Studio Solution File, Format Version 12.00
# Visual Studio Version 16
VisualStudioVersion = 16.0.29123.89
MinimumVisualStudioVersion = 10.0.40219.1
Project("{FAE04EC0-301F-11D3-BF4B-00C04F79EFBC}") = "EmailSenderFunction", "EmailSenderFunction\EmailSenderFunction.csproj", "{4C6496E3-8BA6-42FD-B1A3-06A00F6C88F6}"
EndProject
Global
	GlobalSection(SolutionConfigurationPlatforms) = preSolution
		Debug|Any CPU = Debug|Any CPU
		Release|Any CPU = Release|Any CPU
	EndGlobalSection
	GlobalSection(ProjectConfigurationPlatforms) = postSolution
		{4C6496E3-8BA6-42FD-B1A3-06A00F6C88F6}.Debug|Any CPU.ActiveCfg = Debug|Any CPU
		{4C6496E3-8BA6-42FD-B1A3-06A00F6C88F6}.Debug|Any CPU.Build.0 = Debug|Any CPU
		{4C6496E3-8BA6-42FD-B1A3-06A00F6C88F6}.Release|Any CPU.ActiveCfg = Release|Any CPU
		{4C6496E3-8BA6-42FD-B1A3-06A00F6C88F6}.Release|Any CPU.Build.0 = Release|Any CPU
	EndGlobalSection
	GlobalSection(SolutionProperties) = preSolution
		HideSolutionNode = FALSE
	EndGlobalSection
	GlobalSection(ExtensibilityGlobals) = postSolution
		SolutionGuid = {E432F96D-2938-4BF8-B02B-467CA8A7259F}
	EndGlobalSection
EndGlobal
